
Microsoft Visual Studio Solution File, Format Version 11.00
# Visual Studio 2010
Project("{FAE04EC0-301F-11D3-BF4B-00C04F79EFBC}") = "CSCL", "..\Externals\CSCL\CSCL\CSCL.csproj", "{0E720343-5366-4C3A-BC59-7B7FD2C311B5}"
EndProject
Project("{FAE04EC0-301F-11D3-BF4B-00C04F79EFBC}") = "ICSharpCode.SharpZLib", "..\Externals\SharpZipLib\src\ICSharpCode.SharpZLib.csproj", "{0E7413FF-EB9E-4714-ACF2-BE3A6A7B2FFD}"
EndProject
Project("{FAE04EC0-301F-11D3-BF4B-00C04F79EFBC}") = "Invertika Editor", "Invertika Editor.csproj", "{C2A06611-C8D1-43D2-B0C7-8BF66E508674}"
EndProject
Project("{FAE04EC0-301F-11D3-BF4B-00C04F79EFBC}") = "Invertika", "..\Externals\Invertika\Invertika.csproj", "{52EE41F6-4F3E-4EB1-832A-F18515CA875A}"
EndProject
Global
	GlobalSection(SolutionConfigurationPlatforms) = preSolution
		Debug|Any CPU = Debug|Any CPU
		Debug|Mixed Platforms = Debug|Mixed Platforms
		Debug|x86 = Debug|x86
		Release|Any CPU = Release|Any CPU
		Release|Mixed Platforms = Release|Mixed Platforms
		Release|x86 = Release|x86
	EndGlobalSection
	GlobalSection(ProjectConfigurationPlatforms) = postSolution
		{0E720343-5366-4C3A-BC59-7B7FD2C311B5}.Debug|Any CPU.ActiveCfg = Debug|Any CPU
		{0E720343-5366-4C3A-BC59-7B7FD2C311B5}.Debug|Any CPU.Build.0 = Debug|Any CPU
		{0E720343-5366-4C3A-BC59-7B7FD2C311B5}.Debug|Mixed Platforms.ActiveCfg = Debug|Any CPU
		{0E720343-5366-4C3A-BC59-7B7FD2C311B5}.Debug|Mixed Platforms.Build.0 = Debug|Any CPU
		{0E720343-5366-4C3A-BC59-7B7FD2C311B5}.Debug|x86.ActiveCfg = Debug|Any CPU
		{0E720343-5366-4C3A-BC59-7B7FD2C311B5}.Release|Any CPU.ActiveCfg = Release|Any CPU
		{0E720343-5366-4C3A-BC59-7B7FD2C311B5}.Release|Any CPU.Build.0 = Release|Any CPU
		{0E720343-5366-4C3A-BC59-7B7FD2C311B5}.Release|Mixed Platforms.ActiveCfg = Release|Any CPU
		{0E720343-5366-4C3A-BC59-7B7FD2C311B5}.Release|Mixed Platforms.Build.0 = Release|Any CPU
		{0E720343-5366-4C3A-BC59-7B7FD2C311B5}.Release|x86.ActiveCfg = Release|Any CPU
		{0E7413FF-EB9E-4714-ACF2-BE3A6A7B2FFD}.Debug|Any CPU.ActiveCfg = Debug|Any CPU
		{0E7413FF-EB9E-4714-ACF2-BE3A6A7B2FFD}.Debug|Any CPU.Build.0 = Debug|Any CPU
		{0E7413FF-EB9E-4714-ACF2-BE3A6A7B2FFD}.Debug|Mixed Platforms.ActiveCfg = Debug|Any CPU
		{0E7413FF-EB9E-4714-ACF2-BE3A6A7B2FFD}.Debug|Mixed Platforms.Build.0 = Debug|Any CPU
		{0E7413FF-EB9E-4714-ACF2-BE3A6A7B2FFD}.Debug|x86.ActiveCfg = Debug|Any CPU
		{0E7413FF-EB9E-4714-ACF2-BE3A6A7B2FFD}.Release|Any CPU.ActiveCfg = Release|Any CPU
		{0E7413FF-EB9E-4714-ACF2-BE3A6A7B2FFD}.Release|Any CPU.Build.0 = Release|Any CPU
		{0E7413FF-EB9E-4714-ACF2-BE3A6A7B2FFD}.Release|Mixed Platforms.ActiveCfg = Release|Any CPU
		{0E7413FF-EB9E-4714-ACF2-BE3A6A7B2FFD}.Release|Mixed Platforms.Build.0 = Release|Any CPU
		{0E7413FF-EB9E-4714-ACF2-BE3A6A7B2FFD}.Release|x86.ActiveCfg = Release|Any CPU
		{C2A06611-C8D1-43D2-B0C7-8BF66E508674}.Debug|Any CPU.ActiveCfg = Debug|Any CPU
		{C2A06611-C8D1-43D2-B0C7-8BF66E508674}.Debug|Any CPU.Build.0 = Debug|Any CPU
		{C2A06611-C8D1-43D2-B0C7-8BF66E508674}.Debug|Mixed Platforms.ActiveCfg = Debug|Any CPU
		{C2A06611-C8D1-43D2-B0C7-8BF66E508674}.Debug|Mixed Platforms.Build.0 = Debug|Any CPU
		{C2A06611-C8D1-43D2-B0C7-8BF66E508674}.Debug|x86.ActiveCfg = Debug|Any CPU
		{C2A06611-C8D1-43D2-B0C7-8BF66E508674}.Release|Any CPU.ActiveCfg = Release|Any CPU
		{C2A06611-C8D1-43D2-B0C7-8BF66E508674}.Release|Any CPU.Build.0 = Release|Any CPU
		{C2A06611-C8D1-43D2-B0C7-8BF66E508674}.Release|Mixed Platforms.ActiveCfg = Release|Any CPU
		{C2A06611-C8D1-43D2-B0C7-8BF66E508674}.Release|Mixed Platforms.Build.0 = Release|Any CPU
		{C2A06611-C8D1-43D2-B0C7-8BF66E508674}.Release|x86.ActiveCfg = Release|Any CPU
		{52EE41F6-4F3E-4EB1-832A-F18515CA875A}.Debug|Any CPU.ActiveCfg = Debug|Any CPU
		{52EE41F6-4F3E-4EB1-832A-F18515CA875A}.Debug|Any CPU.Build.0 = Debug|Any CPU
		{52EE41F6-4F3E-4EB1-832A-F18515CA875A}.Debug|Mixed Platforms.ActiveCfg = Debug|Any CPU
		{52EE41F6-4F3E-4EB1-832A-F18515CA875A}.Debug|Mixed Platforms.Build.0 = Debug|Any CPU
		{52EE41F6-4F3E-4EB1-832A-F18515CA875A}.Debug|x86.ActiveCfg = Debug|Any CPU
		{52EE41F6-4F3E-4EB1-832A-F18515CA875A}.Release|Any CPU.ActiveCfg = Release|Any CPU
		{52EE41F6-4F3E-4EB1-832A-F18515CA875A}.Release|Any CPU.Build.0 = Release|Any CPU
		{52EE41F6-4F3E-4EB1-832A-F18515CA875A}.Release|Mixed Platforms.ActiveCfg = Release|Any CPU
		{52EE41F6-4F3E-4EB1-832A-F18515CA875A}.Release|Mixed Platforms.Build.0 = Release|Any CPU
		{52EE41F6-4F3E-4EB1-832A-F18515CA875A}.Release|x86.ActiveCfg = Release|Any CPU
	EndGlobalSection
	GlobalSection(SolutionProperties) = preSolution
		HideSolutionNode = FALSE
	EndGlobalSection
	GlobalSection(MonoDevelopProperties) = preSolution
		StartupItem = Invertika Editor.csproj
	EndGlobalSection
EndGlobal
