
Microsoft Visual Studio Solution File, Format Version 11.00
# Visual Studio 2010
Project("{FAE04EC0-301F-11D3-BF4B-00C04F79EFBC}") = "autoupdate", "autoupdate.csproj", "{BAA22572-912F-4A3A-9CCD-FF3CD783EAFE}"
EndProject
Project("{FAE04EC0-301F-11D3-BF4B-00C04F79EFBC}") = "ICSharpCode.SharpZLib", "..\Externals\SharpZipLib\src\ICSharpCode.SharpZLib.csproj", "{0E7413FF-EB9E-4714-ACF2-BE3A6A7B2FFD}"
EndProject
Project("{FAE04EC0-301F-11D3-BF4B-00C04F79EFBC}") = "CSCL", "..\..\..\cscl.googlecode.com\CSCL\CSCL.csproj", "{0E720343-5366-4C3A-BC59-7B7FD2C311B5}"
EndProject
Global
	GlobalSection(SolutionConfigurationPlatforms) = preSolution
		Debug|Any CPU = Debug|Any CPU
		Release|Any CPU = Release|Any CPU
	EndGlobalSection
	GlobalSection(ProjectConfigurationPlatforms) = postSolution
		{BAA22572-912F-4A3A-9CCD-FF3CD783EAFE}.Debug|Any CPU.ActiveCfg = Debug|Any CPU
		{BAA22572-912F-4A3A-9CCD-FF3CD783EAFE}.Debug|Any CPU.Build.0 = Debug|Any CPU
		{BAA22572-912F-4A3A-9CCD-FF3CD783EAFE}.Release|Any CPU.ActiveCfg = Release|Any CPU
		{BAA22572-912F-4A3A-9CCD-FF3CD783EAFE}.Release|Any CPU.Build.0 = Release|Any CPU
		{0E7413FF-EB9E-4714-ACF2-BE3A6A7B2FFD}.Debug|Any CPU.ActiveCfg = Debug|Any CPU
		{0E7413FF-EB9E-4714-ACF2-BE3A6A7B2FFD}.Debug|Any CPU.Build.0 = Debug|Any CPU
		{0E7413FF-EB9E-4714-ACF2-BE3A6A7B2FFD}.Release|Any CPU.ActiveCfg = Release|Any CPU
		{0E7413FF-EB9E-4714-ACF2-BE3A6A7B2FFD}.Release|Any CPU.Build.0 = Release|Any CPU
		{0E720343-5366-4C3A-BC59-7B7FD2C311B5}.Debug|Any CPU.ActiveCfg = Debug|Any CPU
		{0E720343-5366-4C3A-BC59-7B7FD2C311B5}.Debug|Any CPU.Build.0 = Debug|Any CPU
		{0E720343-5366-4C3A-BC59-7B7FD2C311B5}.Release|Any CPU.ActiveCfg = Release|Any CPU
		{0E720343-5366-4C3A-BC59-7B7FD2C311B5}.Release|Any CPU.Build.0 = Release|Any CPU
	EndGlobalSection
	GlobalSection(SolutionProperties) = preSolution
		HideSolutionNode = FALSE
	EndGlobalSection
EndGlobal
